Microsoft Visual Studio Solution File, Format Version 12.00
# Visual Studio 15
Project("{2150E333-8FDC-42A3-9474-1A3956D46DE8}") = "CMakePredefinedTargets", "CMakePredefinedTargets", "{E88C1EA9-B9B4-3352-8940-A2B722432C30}"
EndProject
Project("{2150E333-8FDC-42A3-9474-1A3956D46DE8}") = "GLFW3", "GLFW3", "{AB28A10B-66F8-31E0-B4DD-D15CED795DEE}"
EndProject
Project("{8BC9CEB8-8B4A-11D0-8D11-00A0C91BC942}") = "ALL_BUILD", "ALL_BUILD.vcxproj", "{49940473-367D-3CF9-91DE-7097FBC32254}"
	ProjectSection(ProjectDependencies) = postProject
		{058F89AC-9D4A-34B5-8CAA-2E2B907B7622} = {058F89AC-9D4A-34B5-8CAA-2E2B907B7622}
		{FA7F6D58-657F-3ED8-8DF1-061D6EBB14D4} = {FA7F6D58-657F-3ED8-8DF1-061D6EBB14D4}
		{6909062C-B38B-3252-8AD9-C916F47B9AA2} = {6909062C-B38B-3252-8AD9-C916F47B9AA2}
		{6CD46642-E1B7-3EB4-92BB-A8C3ECC125B8} = {6CD46642-E1B7-3EB4-92BB-A8C3ECC125B8}
		{971832F8-2927-3F59-B7AD-76CA915BF84F} = {971832F8-2927-3F59-B7AD-76CA915BF84F}
	EndProjectSection
EndProject
Project("{8BC9CEB8-8B4A-11D0-8D11-00A0C91BC942}") = "CMU462", "CMU462\src\CMU462.vcxproj", "{058F89AC-9D4A-34B5-8CAA-2E2B907B7622}"
	ProjectSection(ProjectDependencies) = postProject
		{FA7F6D58-657F-3ED8-8DF1-061D6EBB14D4} = {FA7F6D58-657F-3ED8-8DF1-061D6EBB14D4}
		{6909062C-B38B-3252-8AD9-C916F47B9AA2} = {6909062C-B38B-3252-8AD9-C916F47B9AA2}
	EndProjectSection
EndProject
Project("{8BC9CEB8-8B4A-11D0-8D11-00A0C91BC942}") = "INSTALL", "INSTALL.vcxproj", "{6398D137-0C39-3C1E-988D-9E29ECBBF9D8}"
	ProjectSection(ProjectDependencies) = postProject
		{49940473-367D-3CF9-91DE-7097FBC32254} = {49940473-367D-3CF9-91DE-7097FBC32254}
		{FA7F6D58-657F-3ED8-8DF1-061D6EBB14D4} = {FA7F6D58-657F-3ED8-8DF1-061D6EBB14D4}
	EndProjectSection
EndProject
Project("{8BC9CEB8-8B4A-11D0-8D11-00A0C91BC942}") = "ZERO_CHECK", "ZERO_CHECK.vcxproj", "{FA7F6D58-657F-3ED8-8DF1-061D6EBB14D4}"
	ProjectSection(ProjectDependencies) = postProject
	EndProjectSection
EndProject
Project("{8BC9CEB8-8B4A-11D0-8D11-00A0C91BC942}") = "glew", "CMU462\deps\glew\glew.vcxproj", "{6909062C-B38B-3252-8AD9-C916F47B9AA2}"
	ProjectSection(ProjectDependencies) = postProject
		{FA7F6D58-657F-3ED8-8DF1-061D6EBB14D4} = {FA7F6D58-657F-3ED8-8DF1-061D6EBB14D4}
	EndProjectSection
EndProject
Project("{8BC9CEB8-8B4A-11D0-8D11-00A0C91BC942}") = "glfw", "CMU462\deps\glfw\src\glfw.vcxproj", "{6CD46642-E1B7-3EB4-92BB-A8C3ECC125B8}"
	ProjectSection(ProjectDependencies) = postProject
		{FA7F6D58-657F-3ED8-8DF1-061D6EBB14D4} = {FA7F6D58-657F-3ED8-8DF1-061D6EBB14D4}
	EndProjectSection
EndProject
Project("{8BC9CEB8-8B4A-11D0-8D11-00A0C91BC942}") = "scotty3d", "src\scotty3d.vcxproj", "{971832F8-2927-3F59-B7AD-76CA915BF84F}"
	ProjectSection(ProjectDependencies) = postProject
		{058F89AC-9D4A-34B5-8CAA-2E2B907B7622} = {058F89AC-9D4A-34B5-8CAA-2E2B907B7622}
		{FA7F6D58-657F-3ED8-8DF1-061D6EBB14D4} = {FA7F6D58-657F-3ED8-8DF1-061D6EBB14D4}
		{6909062C-B38B-3252-8AD9-C916F47B9AA2} = {6909062C-B38B-3252-8AD9-C916F47B9AA2}
		{6CD46642-E1B7-3EB4-92BB-A8C3ECC125B8} = {6CD46642-E1B7-3EB4-92BB-A8C3ECC125B8}
	EndProjectSection
EndProject
Project("{8BC9CEB8-8B4A-11D0-8D11-00A0C91BC942}") = "uninstall", "CMU462\deps\glfw\uninstall.vcxproj", "{D4551FBA-439D-3273-BFB3-CA86F3334DF6}"
	ProjectSection(ProjectDependencies) = postProject
		{FA7F6D58-657F-3ED8-8DF1-061D6EBB14D4} = {FA7F6D58-657F-3ED8-8DF1-061D6EBB14D4}
	EndProjectSection
EndProject
Global
	GlobalSection(SolutionConfigurationPlatforms) = preSolution
		Debug|x64 = Debug|x64
		Release|x64 = Release|x64
		MinSizeRel|x64 = MinSizeRel|x64
		RelWithDebInfo|x64 = RelWithDebInfo|x64
	EndGlobalSection
	GlobalSection(ProjectConfigurationPlatforms) = postSolution
		{49940473-367D-3CF9-91DE-7097FBC32254}.Debug|x64.ActiveCfg = Debug|x64
		{49940473-367D-3CF9-91DE-7097FBC32254}.Debug|x64.Build.0 = Debug|x64
		{49940473-367D-3CF9-91DE-7097FBC32254}.Release|x64.ActiveCfg = Release|x64
		{49940473-367D-3CF9-91DE-7097FBC32254}.Release|x64.Build.0 = Release|x64
		{49940473-367D-3CF9-91DE-7097FBC32254}.MinSizeRel|x64.ActiveCfg = MinSizeRel|x64
		{49940473-367D-3CF9-91DE-7097FBC32254}.MinSizeRel|x64.Build.0 = MinSizeRel|x64
		{49940473-367D-3CF9-91DE-7097FBC32254}.RelWithDebInfo|x64.ActiveCfg = RelWithDebInfo|x64
		{49940473-367D-3CF9-91DE-7097FBC32254}.RelWithDebInfo|x64.Build.0 = RelWithDebInfo|x64
		{058F89AC-9D4A-34B5-8CAA-2E2B907B7622}.Debug|x64.ActiveCfg = Debug|x64
		{058F89AC-9D4A-34B5-8CAA-2E2B907B7622}.Debug|x64.Build.0 = Debug|x64
		{058F89AC-9D4A-34B5-8CAA-2E2B907B7622}.Release|x64.ActiveCfg = Release|x64
		{058F89AC-9D4A-34B5-8CAA-2E2B907B7622}.Release|x64.Build.0 = Release|x64
		{058F89AC-9D4A-34B5-8CAA-2E2B907B7622}.MinSizeRel|x64.ActiveCfg = MinSizeRel|x64
		{058F89AC-9D4A-34B5-8CAA-2E2B907B7622}.MinSizeRel|x64.Build.0 = MinSizeRel|x64
		{058F89AC-9D4A-34B5-8CAA-2E2B907B7622}.RelWithDebInfo|x64.ActiveCfg = RelWithDebInfo|x64
		{058F89AC-9D4A-34B5-8CAA-2E2B907B7622}.RelWithDebInfo|x64.Build.0 = RelWithDebInfo|x64
		{6398D137-0C39-3C1E-988D-9E29ECBBF9D8}.Debug|x64.ActiveCfg = Debug|x64
		{6398D137-0C39-3C1E-988D-9E29ECBBF9D8}.Release|x64.ActiveCfg = Release|x64
		{6398D137-0C39-3C1E-988D-9E29ECBBF9D8}.MinSizeRel|x64.ActiveCfg = MinSizeRel|x64
		{6398D137-0C39-3C1E-988D-9E29ECBBF9D8}.RelWithDebInfo|x64.ActiveCfg = RelWithDebInfo|x64
		{FA7F6D58-657F-3ED8-8DF1-061D6EBB14D4}.Debug|x64.ActiveCfg = Debug|x64
		{FA7F6D58-657F-3ED8-8DF1-061D6EBB14D4}.Debug|x64.Build.0 = Debug|x64
		{FA7F6D58-657F-3ED8-8DF1-061D6EBB14D4}.Release|x64.ActiveCfg = Release|x64
		{FA7F6D58-657F-3ED8-8DF1-061D6EBB14D4}.Release|x64.Build.0 = Release|x64
		{FA7F6D58-657F-3ED8-8DF1-061D6EBB14D4}.MinSizeRel|x64.ActiveCfg = MinSizeRel|x64
		{FA7F6D58-657F-3ED8-8DF1-061D6EBB14D4}.MinSizeRel|x64.Build.0 = MinSizeRel|x64
		{FA7F6D58-657F-3ED8-8DF1-061D6EBB14D4}.RelWithDebInfo|x64.ActiveCfg = RelWithDebInfo|x64
		{FA7F6D58-657F-3ED8-8DF1-061D6EBB14D4}.RelWithDebInfo|x64.Build.0 = RelWithDebInfo|x64
		{6909062C-B38B-3252-8AD9-C916F47B9AA2}.Debug|x64.ActiveCfg = Debug|x64
		{6909062C-B38B-3252-8AD9-C916F47B9AA2}.Debug|x64.Build.0 = Debug|x64
		{6909062C-B38B-3252-8AD9-C916F47B9AA2}.Release|x64.ActiveCfg = Release|x64
		{6909062C-B38B-3252-8AD9-C916F47B9AA2}.Release|x64.Build.0 = Release|x64
		{6909062C-B38B-3252-8AD9-C916F47B9AA2}.MinSizeRel|x64.ActiveCfg = MinSizeRel|x64
		{6909062C-B38B-3252-8AD9-C916F47B9AA2}.MinSizeRel|x64.Build.0 = MinSizeRel|x64
		{6909062C-B38B-3252-8AD9-C916F47B9AA2}.RelWithDebInfo|x64.ActiveCfg = RelWithDebInfo|x64
		{6909062C-B38B-3252-8AD9-C916F47B9AA2}.RelWithDebInfo|x64.Build.0 = RelWithDebInfo|x64
		{6CD46642-E1B7-3EB4-92BB-A8C3ECC125B8}.Debug|x64.ActiveCfg = Debug|x64
		{6CD46642-E1B7-3EB4-92BB-A8C3ECC125B8}.Debug|x64.Build.0 = Debug|x64
		{6CD46642-E1B7-3EB4-92BB-A8C3ECC125B8}.Release|x64.ActiveCfg = Release|x64
		{6CD46642-E1B7-3EB4-92BB-A8C3ECC125B8}.Release|x64.Build.0 = Release|x64
		{6CD46642-E1B7-3EB4-92BB-A8C3ECC125B8}.MinSizeRel|x64.ActiveCfg = MinSizeRel|x64
		{6CD46642-E1B7-3EB4-92BB-A8C3ECC125B8}.MinSizeRel|x64.Build.0 = MinSizeRel|x64
		{6CD46642-E1B7-3EB4-92BB-A8C3ECC125B8}.RelWithDebInfo|x64.ActiveCfg = RelWithDebInfo|x64
		{6CD46642-E1B7-3EB4-92BB-A8C3ECC125B8}.RelWithDebInfo|x64.Build.0 = RelWithDebInfo|x64
		{971832F8-2927-3F59-B7AD-76CA915BF84F}.Debug|x64.ActiveCfg = Debug|x64
		{971832F8-2927-3F59-B7AD-76CA915BF84F}.Debug|x64.Build.0 = Debug|x64
		{971832F8-2927-3F59-B7AD-76CA915BF84F}.Release|x64.ActiveCfg = Release|x64
		{971832F8-2927-3F59-B7AD-76CA915BF84F}.Release|x64.Build.0 = Release|x64
		{971832F8-2927-3F59-B7AD-76CA915BF84F}.MinSizeRel|x64.ActiveCfg = MinSizeRel|x64
		{971832F8-2927-3F59-B7AD-76CA915BF84F}.MinSizeRel|x64.Build.0 = MinSizeRel|x64
		{971832F8-2927-3F59-B7AD-76CA915BF84F}.RelWithDebInfo|x64.ActiveCfg = RelWithDebInfo|x64
		{971832F8-2927-3F59-B7AD-76CA915BF84F}.RelWithDebInfo|x64.Build.0 = RelWithDebInfo|x64
		{D4551FBA-439D-3273-BFB3-CA86F3334DF6}.Debug|x64.ActiveCfg = Debug|x64
		{D4551FBA-439D-3273-BFB3-CA86F3334DF6}.Release|x64.ActiveCfg = Release|x64
		{D4551FBA-439D-3273-BFB3-CA86F3334DF6}.MinSizeRel|x64.ActiveCfg = MinSizeRel|x64
		{D4551FBA-439D-3273-BFB3-CA86F3334DF6}.RelWithDebInfo|x64.ActiveCfg = RelWithDebInfo|x64
	EndGlobalSection
	GlobalSection(NestedProjects) = preSolution
		{49940473-367D-3CF9-91DE-7097FBC32254} = {E88C1EA9-B9B4-3352-8940-A2B722432C30}
		{6398D137-0C39-3C1E-988D-9E29ECBBF9D8} = {E88C1EA9-B9B4-3352-8940-A2B722432C30}
		{FA7F6D58-657F-3ED8-8DF1-061D6EBB14D4} = {E88C1EA9-B9B4-3352-8940-A2B722432C30}
		{6CD46642-E1B7-3EB4-92BB-A8C3ECC125B8} = {AB28A10B-66F8-31E0-B4DD-D15CED795DEE}
	EndGlobalSection
	GlobalSection(ExtensibilityGlobals) = postSolution
		SolutionGuid = {4A79F4AA-CE31-3732-9E48-4B230C94EFED}
	EndGlobalSection
	GlobalSection(ExtensibilityAddIns) = postSolution
	EndGlobalSection
EndGlobal
