<?xml version="1.0" encoding="utf-8"?>
<Project ToolsVersion="15.0" xmlns="http://schemas.microsoft.com/developer/msbuild/2003">
  <ItemGroup>
    <CustomBuild Include="C:\Users\DELL-PC\Desktop\Scotty3D\build5\CMakeFiles\bb6e0edd7d56d7ff40e93a3596800b6a\generate.stamp.rule">
      <Filter>CMake Rules</Filter>
    </CustomBuild>
  </ItemGroup>
  <ItemGroup>
    <Filter Include="CMake Rules">
      <UniqueIdentifier>{609E4826-24BE-34CC-B4C2-501456278DCB}</UniqueIdentifier>
    </Filter>
  </ItemGroup>
</Project>
